
Microsoft Visual Studio Solution File, Format Version 12.00
# Visual Studio 15
VisualStudioVersion = 15.0.28307.106
MinimumVisualStudioVersion = 10.0.40219.1
Project("{8BC9CEB8-8B4A-11D0-8D11-00A0C91BC942}") = "Tobes", "Tobes\Tobes.vcxproj", "{A8196278-C653-4DCC-9335-1192F06CC277}"
EndProject
Project("{8BC9CEB8-8B4A-11D0-8D11-00A0C91BC942}") = "Mincreft", "Mincreft\Mincreft.vcxproj", "{66918152-4BD0-4896-AD6D-141829E70835}"
EndProject
Global
	GlobalSection(SolutionConfigurationPlatforms) = preSolution
		Debug|x64 = Debug|x64
		Release|x64 = Release|x64
	EndGlobalSection
	GlobalSection(ProjectConfigurationPlatforms) = postSolution
		{A8196278-C653-4DCC-9335-1192F06CC277}.Debug|x64.ActiveCfg = Debug|x64
		{A8196278-C653-4DCC-9335-1192F06CC277}.Debug|x64.Build.0 = Debug|x64
		{A8196278-C653-4DCC-9335-1192F06CC277}.Release|x64.ActiveCfg = Release|x64
		{A8196278-C653-4DCC-9335-1192F06CC277}.Release|x64.Build.0 = Release|x64
		{66918152-4BD0-4896-AD6D-141829E70835}.Debug|x64.ActiveCfg = Debug|x64
		{66918152-4BD0-4896-AD6D-141829E70835}.Debug|x64.Build.0 = Debug|x64
		{66918152-4BD0-4896-AD6D-141829E70835}.Release|x64.ActiveCfg = Release|x64
		{66918152-4BD0-4896-AD6D-141829E70835}.Release|x64.Build.0 = Release|x64
	EndGlobalSection
	GlobalSection(SolutionProperties) = preSolution
		HideSolutionNode = FALSE
	EndGlobalSection
	GlobalSection(ExtensibilityGlobals) = postSolution
		SolutionGuid = {9F53AAC2-D840-4954-B16A-FD1749A18A7B}
	EndGlobalSection
EndGlobal
