
Microsoft Visual Studio Solution File, Format Version 12.00
# Visual Studio 15
VisualStudioVersion = 15.0.28307.329
MinimumVisualStudioVersion = 10.0.40219.1
Project("{8BC9CEB8-8B4A-11D0-8D11-00A0C91BC942}") = "TestGame", "TestGame\TestGame.vcxproj", "{97FBBDC5-0E7F-410B-9219-7423C9DEB050}"
EndProject
Project("{8BC9CEB8-8B4A-11D0-8D11-00A0C91BC942}") = "Renderer2D", "Renderer2D\Renderer2D.vcxproj", "{964CB767-D808-44BE-ACCF-B521A65CB6BC}"
EndProject
Project("{8BC9CEB8-8B4A-11D0-8D11-00A0C91BC942}") = "Physics2D", "Physics2D\Physics2D.vcxproj", "{10CF0611-03C2-4F8E-9C90-220541D00E5C}"
EndProject
Project("{8BC9CEB8-8B4A-11D0-8D11-00A0C91BC942}") = "RendererCore", "RendererCore\RendererCore.vcxproj", "{A2E8FAB2-F6B8-4C48-8DD1-46466CC81709}"
EndProject
Project("{8BC9CEB8-8B4A-11D0-8D11-00A0C91BC942}") = "Renderer3D", "Renderer3D\Renderer3D.vcxproj", "{FEE08B0E-A0C5-4BC4-9131-36B70BCCB2EA}"
EndProject
Project("{8BC9CEB8-8B4A-11D0-8D11-00A0C91BC942}") = "Tobes2D", "Tobes2D\Tobes2D.vcxproj", "{5772EAE6-4EF8-4AE4-B33C-596056F482CE}"
EndProject
Project("{8BC9CEB8-8B4A-11D0-8D11-00A0C91BC942}") = "Tobes3D", "Tobes3D\Tobes3D.vcxproj", "{C74BFD12-2B04-4930-A611-978424A9A049}"
EndProject
Global
	GlobalSection(SolutionConfigurationPlatforms) = preSolution
		Debug|x64 = Debug|x64
		Debug|x86 = Debug|x86
		Release|x64 = Release|x64
		Release|x86 = Release|x86
	EndGlobalSection
	GlobalSection(ProjectConfigurationPlatforms) = postSolution
		{964CB767-D808-44BE-ACCF-B521A65CB6BC}.Debug|x64.ActiveCfg = Debug|x64
		{964CB767-D808-44BE-ACCF-B521A65CB6BC}.Debug|x64.Build.0 = Debug|x64
		{964CB767-D808-44BE-ACCF-B521A65CB6BC}.Debug|x86.ActiveCfg = Debug|Win32
		{964CB767-D808-44BE-ACCF-B521A65CB6BC}.Debug|x86.Build.0 = Debug|Win32
		{964CB767-D808-44BE-ACCF-B521A65CB6BC}.Release|x64.ActiveCfg = Release|x64
		{964CB767-D808-44BE-ACCF-B521A65CB6BC}.Release|x64.Build.0 = Release|x64
		{964CB767-D808-44BE-ACCF-B521A65CB6BC}.Release|x86.ActiveCfg = Release|Win32
		{964CB767-D808-44BE-ACCF-B521A65CB6BC}.Release|x86.Build.0 = Release|Win32
		{10CF0611-03C2-4F8E-9C90-220541D00E5C}.Debug|x64.ActiveCfg = Debug|x64
		{10CF0611-03C2-4F8E-9C90-220541D00E5C}.Debug|x64.Build.0 = Debug|x64
		{10CF0611-03C2-4F8E-9C90-220541D00E5C}.Debug|x86.ActiveCfg = Debug|x64
		{10CF0611-03C2-4F8E-9C90-220541D00E5C}.Release|x64.ActiveCfg = Release|x64
		{10CF0611-03C2-4F8E-9C90-220541D00E5C}.Release|x64.Build.0 = Release|x64
		{10CF0611-03C2-4F8E-9C90-220541D00E5C}.Release|x86.ActiveCfg = Release|x64
		{A2E8FAB2-F6B8-4C48-8DD1-46466CC81709}.Debug|x64.ActiveCfg = Debug|x64
		{A2E8FAB2-F6B8-4C48-8DD1-46466CC81709}.Debug|x64.Build.0 = Debug|x64
		{A2E8FAB2-F6B8-4C48-8DD1-46466CC81709}.Debug|x86.ActiveCfg = Debug|Win32
		{A2E8FAB2-F6B8-4C48-8DD1-46466CC81709}.Debug|x86.Build.0 = Debug|Win32
		{A2E8FAB2-F6B8-4C48-8DD1-46466CC81709}.Release|x64.ActiveCfg = Release|x64
		{A2E8FAB2-F6B8-4C48-8DD1-46466CC81709}.Release|x64.Build.0 = Release|x64
		{A2E8FAB2-F6B8-4C48-8DD1-46466CC81709}.Release|x86.ActiveCfg = Release|Win32
		{A2E8FAB2-F6B8-4C48-8DD1-46466CC81709}.Release|x86.Build.0 = Release|Win32
		{FEE08B0E-A0C5-4BC4-9131-36B70BCCB2EA}.Debug|x64.ActiveCfg = Debug|x64
		{FEE08B0E-A0C5-4BC4-9131-36B70BCCB2EA}.Debug|x64.Build.0 = Debug|x64
		{FEE08B0E-A0C5-4BC4-9131-36B70BCCB2EA}.Debug|x86.ActiveCfg = Debug|Win32
		{FEE08B0E-A0C5-4BC4-9131-36B70BCCB2EA}.Debug|x86.Build.0 = Debug|Win32
		{FEE08B0E-A0C5-4BC4-9131-36B70BCCB2EA}.Release|x64.ActiveCfg = Release|x64
		{FEE08B0E-A0C5-4BC4-9131-36B70BCCB2EA}.Release|x64.Build.0 = Release|x64
		{FEE08B0E-A0C5-4BC4-9131-36B70BCCB2EA}.Release|x86.ActiveCfg = Release|Win32
		{FEE08B0E-A0C5-4BC4-9131-36B70BCCB2EA}.Release|x86.Build.0 = Release|Win32
		{5772EAE6-4EF8-4AE4-B33C-596056F482CE}.Debug|x64.ActiveCfg = Debug|x64
		{5772EAE6-4EF8-4AE4-B33C-596056F482CE}.Debug|x64.Build.0 = Debug|x64
		{5772EAE6-4EF8-4AE4-B33C-596056F482CE}.Debug|x86.ActiveCfg = Debug|Win32
		{5772EAE6-4EF8-4AE4-B33C-596056F482CE}.Debug|x86.Build.0 = Debug|Win32
		{5772EAE6-4EF8-4AE4-B33C-596056F482CE}.Release|x64.ActiveCfg = Release|x64
		{5772EAE6-4EF8-4AE4-B33C-596056F482CE}.Release|x64.Build.0 = Release|x64
		{5772EAE6-4EF8-4AE4-B33C-596056F482CE}.Release|x86.ActiveCfg = Release|Win32
		{5772EAE6-4EF8-4AE4-B33C-596056F482CE}.Release|x86.Build.0 = Release|Win32
		{C74BFD12-2B04-4930-A611-978424A9A049}.Debug|x64.ActiveCfg = Debug|x64
		{C74BFD12-2B04-4930-A611-978424A9A049}.Debug|x64.Build.0 = Debug|x64
		{C74BFD12-2B04-4930-A611-978424A9A049}.Debug|x86.ActiveCfg = Debug|Win32
		{C74BFD12-2B04-4930-A611-978424A9A049}.Debug|x86.Build.0 = Debug|Win32
		{C74BFD12-2B04-4930-A611-978424A9A049}.Release|x64.ActiveCfg = Release|x64
		{C74BFD12-2B04-4930-A611-978424A9A049}.Release|x64.Build.0 = Release|x64
		{C74BFD12-2B04-4930-A611-978424A9A049}.Release|x86.ActiveCfg = Release|Win32
		{C74BFD12-2B04-4930-A611-978424A9A049}.Release|x86.Build.0 = Release|Win32
		{97FBBDC5-0E7F-410B-9219-7423C9DEB050}.Debug|x64.ActiveCfg = Debug|x64
		{97FBBDC5-0E7F-410B-9219-7423C9DEB050}.Debug|x64.Build.0 = Debug|x64
		{97FBBDC5-0E7F-410B-9219-7423C9DEB050}.Debug|x86.ActiveCfg = Debug|Win32
		{97FBBDC5-0E7F-410B-9219-7423C9DEB050}.Debug|x86.Build.0 = Debug|Win32
		{97FBBDC5-0E7F-410B-9219-7423C9DEB050}.Release|x64.ActiveCfg = Release|x64
		{97FBBDC5-0E7F-410B-9219-7423C9DEB050}.Release|x64.Build.0 = Release|x64
		{97FBBDC5-0E7F-410B-9219-7423C9DEB050}.Release|x86.ActiveCfg = Release|Win32
		{97FBBDC5-0E7F-410B-9219-7423C9DEB050}.Release|x86.Build.0 = Release|Win32
	EndGlobalSection
	GlobalSection(SolutionProperties) = preSolution
		HideSolutionNode = FALSE
	EndGlobalSection
	GlobalSection(ExtensibilityGlobals) = postSolution
		SolutionGuid = {04963D3B-743A-4D40-B39E-B46903D7C41C}
	EndGlobalSection
EndGlobal
