
Microsoft Visual Studio Solution File, Format Version 12.00
# Visual Studio 15
VisualStudioVersion = 15.0.28307.329
MinimumVisualStudioVersion = 10.0.40219.1
Project("{8BC9CEB8-8B4A-11D0-8D11-00A0C91BC942}") = "Tobes", "Tobes\Tobes.vcxproj", "{F62BE669-1276-4E27-9F86-5842243A74B4}"
EndProject
Project("{8BC9CEB8-8B4A-11D0-8D11-00A0C91BC942}") = "ContentPipeline", "ContentPipeline\ContentPipeline.vcxproj", "{622DF4A8-1EB4-4D9E-B869-2B7464BD3925}"
EndProject
Project("{8BC9CEB8-8B4A-11D0-8D11-00A0C91BC942}") = "TestGame", "TestGame\TestGame.vcxproj", "{97FBBDC5-0E7F-410B-9219-7423C9DEB050}"
EndProject
Global
	GlobalSection(SolutionConfigurationPlatforms) = preSolution
		Debug|x64 = Debug|x64
		Debug|x86 = Debug|x86
		Release|x64 = Release|x64
		Release|x86 = Release|x86
	EndGlobalSection
	GlobalSection(ProjectConfigurationPlatforms) = postSolution
		{F62BE669-1276-4E27-9F86-5842243A74B4}.Debug|x64.ActiveCfg = Debug|x64
		{F62BE669-1276-4E27-9F86-5842243A74B4}.Debug|x64.Build.0 = Debug|x64
		{F62BE669-1276-4E27-9F86-5842243A74B4}.Debug|x86.ActiveCfg = Debug|x64
		{F62BE669-1276-4E27-9F86-5842243A74B4}.Release|x64.ActiveCfg = Release|x64
		{F62BE669-1276-4E27-9F86-5842243A74B4}.Release|x64.Build.0 = Release|x64
		{F62BE669-1276-4E27-9F86-5842243A74B4}.Release|x86.ActiveCfg = Release|x64
		{622DF4A8-1EB4-4D9E-B869-2B7464BD3925}.Debug|x64.ActiveCfg = Debug|x64
		{622DF4A8-1EB4-4D9E-B869-2B7464BD3925}.Debug|x64.Build.0 = Debug|x64
		{622DF4A8-1EB4-4D9E-B869-2B7464BD3925}.Debug|x86.ActiveCfg = Debug|x64
		{622DF4A8-1EB4-4D9E-B869-2B7464BD3925}.Release|x64.ActiveCfg = Release|x64
		{622DF4A8-1EB4-4D9E-B869-2B7464BD3925}.Release|x64.Build.0 = Release|x64
		{622DF4A8-1EB4-4D9E-B869-2B7464BD3925}.Release|x86.ActiveCfg = Release|x64
		{97FBBDC5-0E7F-410B-9219-7423C9DEB050}.Debug|x64.ActiveCfg = Debug|x64
		{97FBBDC5-0E7F-410B-9219-7423C9DEB050}.Debug|x64.Build.0 = Debug|x64
		{97FBBDC5-0E7F-410B-9219-7423C9DEB050}.Debug|x86.ActiveCfg = Debug|x64
		{97FBBDC5-0E7F-410B-9219-7423C9DEB050}.Release|x64.ActiveCfg = Release|x64
		{97FBBDC5-0E7F-410B-9219-7423C9DEB050}.Release|x64.Build.0 = Release|x64
		{97FBBDC5-0E7F-410B-9219-7423C9DEB050}.Release|x86.ActiveCfg = Release|x64
	EndGlobalSection
	GlobalSection(SolutionProperties) = preSolution
		HideSolutionNode = FALSE
	EndGlobalSection
	GlobalSection(ExtensibilityGlobals) = postSolution
		SolutionGuid = {04963D3B-743A-4D40-B39E-B46903D7C41C}
	EndGlobalSection
EndGlobal
